
Microsoft Visual Studio Solution File, Format Version 12.00
# Visual Studio Version 16
VisualStudioVersion = 16.0.30114.105
MinimumVisualStudioVersion = 10.0.40219.1
Project("{FAE04EC0-301F-11D3-BF4B-00C04F79EFBC}") = "ProgramForWorkWithStorage", "ProgramForWorkWithStorage\ProgramForWorkWithStorage.csproj", "{D22F2A97-07C3-45E2-9585-85E50F298217}"
EndProject
Global
	GlobalSection(SolutionConfigurationPlatforms) = preSolution
		Debug|Any CPU = Debug|Any CPU
		Release|Any CPU = Release|Any CPU
	EndGlobalSection
	GlobalSection(ProjectConfigurationPlatforms) = postSolution
		{D22F2A97-07C3-45E2-9585-85E50F298217}.Debug|Any CPU.ActiveCfg = Debug|Any CPU
		{D22F2A97-07C3-45E2-9585-85E50F298217}.Debug|Any CPU.Build.0 = Debug|Any CPU
		{D22F2A97-07C3-45E2-9585-85E50F298217}.Release|Any CPU.ActiveCfg = Release|Any CPU
		{D22F2A97-07C3-45E2-9585-85E50F298217}.Release|Any CPU.Build.0 = Release|Any CPU
	EndGlobalSection
	GlobalSection(SolutionProperties) = preSolution
		HideSolutionNode = FALSE
	EndGlobalSection
	GlobalSection(ExtensibilityGlobals) = postSolution
		SolutionGuid = {E193A03E-F95E-467F-B595-882FA99B4BE0}
	EndGlobalSection
EndGlobal
