
Microsoft Visual Studio Solution File, Format Version 12.00
# Visual Studio Version 16
VisualStudioVersion = 16.0.30114.105
MinimumVisualStudioVersion = 10.0.40219.1
Project("{FAE04EC0-301F-11D3-BF4B-00C04F79EFBC}") = "ProgramForWorkWithStorage", "ProgramForWorkWithStorage\ProgramForWorkWithStorage.csproj", "{D22F2A97-07C3-45E2-9585-85E50F298217}"
EndProject
Project("{FAE04EC0-301F-11D3-BF4B-00C04F79EFBC}") = "ProductCore", "ProductCore\ProductCore.csproj", "{084760DE-B0DF-4EE5-A668-A2DFC60D8E1F}"
EndProject
Project("{FAE04EC0-301F-11D3-BF4B-00C04F79EFBC}") = "StorageCore", "StorageCore\StorageCore.csproj", "{97840A01-297E-4973-8358-E5D18F98A72E}"
EndProject
Project("{FAE04EC0-301F-11D3-BF4B-00C04F79EFBC}") = "ValidationLib", "ValidationLib\ValidationLib.csproj", "{7953A8CC-F53F-4F00-B7EE-92269EA9E841}"
EndProject
Global
	GlobalSection(SolutionConfigurationPlatforms) = preSolution
		Debug|Any CPU = Debug|Any CPU
		Release|Any CPU = Release|Any CPU
	EndGlobalSection
	GlobalSection(ProjectConfigurationPlatforms) = postSolution
		{D22F2A97-07C3-45E2-9585-85E50F298217}.Debug|Any CPU.ActiveCfg = Debug|Any CPU
		{D22F2A97-07C3-45E2-9585-85E50F298217}.Debug|Any CPU.Build.0 = Debug|Any CPU
		{D22F2A97-07C3-45E2-9585-85E50F298217}.Release|Any CPU.ActiveCfg = Release|Any CPU
		{D22F2A97-07C3-45E2-9585-85E50F298217}.Release|Any CPU.Build.0 = Release|Any CPU
		{084760DE-B0DF-4EE5-A668-A2DFC60D8E1F}.Debug|Any CPU.ActiveCfg = Debug|Any CPU
		{084760DE-B0DF-4EE5-A668-A2DFC60D8E1F}.Debug|Any CPU.Build.0 = Debug|Any CPU
		{084760DE-B0DF-4EE5-A668-A2DFC60D8E1F}.Release|Any CPU.ActiveCfg = Release|Any CPU
		{084760DE-B0DF-4EE5-A668-A2DFC60D8E1F}.Release|Any CPU.Build.0 = Release|Any CPU
		{97840A01-297E-4973-8358-E5D18F98A72E}.Debug|Any CPU.ActiveCfg = Debug|Any CPU
		{97840A01-297E-4973-8358-E5D18F98A72E}.Debug|Any CPU.Build.0 = Debug|Any CPU
		{97840A01-297E-4973-8358-E5D18F98A72E}.Release|Any CPU.ActiveCfg = Release|Any CPU
		{97840A01-297E-4973-8358-E5D18F98A72E}.Release|Any CPU.Build.0 = Release|Any CPU
		{7953A8CC-F53F-4F00-B7EE-92269EA9E841}.Debug|Any CPU.ActiveCfg = Debug|Any CPU
		{7953A8CC-F53F-4F00-B7EE-92269EA9E841}.Debug|Any CPU.Build.0 = Debug|Any CPU
		{7953A8CC-F53F-4F00-B7EE-92269EA9E841}.Release|Any CPU.ActiveCfg = Release|Any CPU
		{7953A8CC-F53F-4F00-B7EE-92269EA9E841}.Release|Any CPU.Build.0 = Release|Any CPU
	EndGlobalSection
	GlobalSection(SolutionProperties) = preSolution
		HideSolutionNode = FALSE
	EndGlobalSection
	GlobalSection(ExtensibilityGlobals) = postSolution
		SolutionGuid = {E193A03E-F95E-467F-B595-882FA99B4BE0}
	EndGlobalSection
EndGlobal
